
Microsoft Visual Studio Solution File, Format Version 12.00
# Visual Studio Version 17
VisualStudioVersion = 17.0.31903.59
MinimumVisualStudioVersion = 10.0.40219.1
Project("{2150E333-8FDC-42A3-9474-1A3956D46DE8}") = "src", "src", "{3E56A8D8-68E4-4479-A4D5-F7664923084C}"
EndProject
Project("{9A19103F-16F7-4668-BE54-9A1E7A4F7556}") = "AuctionService", "src\AuctionService\AuctionService.csproj", "{43C1BCA0-C039-412E-96BA-F878EE9A0019}"
EndProject
Project("{9A19103F-16F7-4668-BE54-9A1E7A4F7556}") = "SearchService", "src\SearchService\SearchService.csproj", "{02EA8724-F202-498F-9437-AA0062318F06}"
EndProject
Project("{2150E333-8FDC-42A3-9474-1A3956D46DE8}") = "Solution Items", "Solution Items", "{89131692-6C63-42FC-BBE5-0CC7278F14C7}"
	ProjectSection(SolutionItems) = preProject
		.gitignore = .gitignore
		docker-compose.yml = docker-compose.yml
	EndProjectSection
EndProject
Project("{FAE04EC0-301F-11D3-BF4B-00C04F79EFBC}") = "Contracts", "src\Contracts\Contracts\Contracts.csproj", "{3C02AE5E-9E76-4F14-AD40-E52105870349}"
EndProject
Project("{FAE04EC0-301F-11D3-BF4B-00C04F79EFBC}") = "IdentityService", "src\IdentityService\IdentityService.csproj", "{DB965007-761B-47F0-8F8F-4DE50F29A96F}"
EndProject
Global
	GlobalSection(SolutionConfigurationPlatforms) = preSolution
		Debug|Any CPU = Debug|Any CPU
		Release|Any CPU = Release|Any CPU
	EndGlobalSection
	GlobalSection(ProjectConfigurationPlatforms) = postSolution
		{43C1BCA0-C039-412E-96BA-F878EE9A0019}.Debug|Any CPU.ActiveCfg = Debug|Any CPU
		{43C1BCA0-C039-412E-96BA-F878EE9A0019}.Debug|Any CPU.Build.0 = Debug|Any CPU
		{43C1BCA0-C039-412E-96BA-F878EE9A0019}.Release|Any CPU.ActiveCfg = Release|Any CPU
		{43C1BCA0-C039-412E-96BA-F878EE9A0019}.Release|Any CPU.Build.0 = Release|Any CPU
		{02EA8724-F202-498F-9437-AA0062318F06}.Debug|Any CPU.ActiveCfg = Debug|Any CPU
		{02EA8724-F202-498F-9437-AA0062318F06}.Debug|Any CPU.Build.0 = Debug|Any CPU
		{02EA8724-F202-498F-9437-AA0062318F06}.Release|Any CPU.ActiveCfg = Release|Any CPU
		{02EA8724-F202-498F-9437-AA0062318F06}.Release|Any CPU.Build.0 = Release|Any CPU
		{3C02AE5E-9E76-4F14-AD40-E52105870349}.Debug|Any CPU.ActiveCfg = Debug|Any CPU
		{3C02AE5E-9E76-4F14-AD40-E52105870349}.Debug|Any CPU.Build.0 = Debug|Any CPU
		{3C02AE5E-9E76-4F14-AD40-E52105870349}.Release|Any CPU.ActiveCfg = Release|Any CPU
		{3C02AE5E-9E76-4F14-AD40-E52105870349}.Release|Any CPU.Build.0 = Release|Any CPU
		{DB965007-761B-47F0-8F8F-4DE50F29A96F}.Debug|Any CPU.ActiveCfg = Debug|Any CPU
		{DB965007-761B-47F0-8F8F-4DE50F29A96F}.Debug|Any CPU.Build.0 = Debug|Any CPU
		{DB965007-761B-47F0-8F8F-4DE50F29A96F}.Release|Any CPU.ActiveCfg = Release|Any CPU
		{DB965007-761B-47F0-8F8F-4DE50F29A96F}.Release|Any CPU.Build.0 = Release|Any CPU
	EndGlobalSection
	GlobalSection(SolutionProperties) = preSolution
		HideSolutionNode = FALSE
	EndGlobalSection
	GlobalSection(NestedProjects) = preSolution
		{43C1BCA0-C039-412E-96BA-F878EE9A0019} = {3E56A8D8-68E4-4479-A4D5-F7664923084C}
		{02EA8724-F202-498F-9437-AA0062318F06} = {3E56A8D8-68E4-4479-A4D5-F7664923084C}
		{3C02AE5E-9E76-4F14-AD40-E52105870349} = {3E56A8D8-68E4-4479-A4D5-F7664923084C}
		{DB965007-761B-47F0-8F8F-4DE50F29A96F} = {3E56A8D8-68E4-4479-A4D5-F7664923084C}
	EndGlobalSection
	GlobalSection(ExtensibilityGlobals) = postSolution
		SolutionGuid = {7D6EC0AC-D0A6-4901-9187-C2FA2D7D6258}
	EndGlobalSection
EndGlobal
